
Microsoft Visual Studio Solution File, Format Version 12.00
# Visual Studio Version 16
VisualStudioVersion = 16.0.810.12
MinimumVisualStudioVersion = 10.0.40219.1
Project("{FAE04EC0-301F-11D3-BF4B-00C04F79EFBC}") = "PublishForSubmission", "PublishForSubmission\PublishForSubmission.csproj", "{A9528ED8-1DF1-4E13-85A6-7560DF690412}"
EndProject
Global
	GlobalSection(SolutionConfigurationPlatforms) = preSolution
		Debug|Any CPU = Debug|Any CPU
		Release|Any CPU = Release|Any CPU
	EndGlobalSection
	GlobalSection(ProjectConfigurationPlatforms) = postSolution
		{A9528ED8-1DF1-4E13-85A6-7560DF690412}.Debug|Any CPU.ActiveCfg = Debug|Any CPU
		{A9528ED8-1DF1-4E13-85A6-7560DF690412}.Debug|Any CPU.Build.0 = Debug|Any CPU
		{A9528ED8-1DF1-4E13-85A6-7560DF690412}.Release|Any CPU.ActiveCfg = Release|Any CPU
		{A9528ED8-1DF1-4E13-85A6-7560DF690412}.Release|Any CPU.Build.0 = Release|Any CPU
	EndGlobalSection
	GlobalSection(SolutionProperties) = preSolution
		HideSolutionNode = FALSE
	EndGlobalSection
	GlobalSection(ExtensibilityGlobals) = postSolution
		SolutionGuid = {49C6A59E-0D30-4A53-919D-BF4FF0D76BD5}
	EndGlobalSection
	GlobalSection(MonoDevelopProperties) = preSolution
		description = A simple package for Unity3D to allow students to package their projects for submission
		version = 0.4
	EndGlobalSection
EndGlobal
